
Microsoft Visual Studio Solution File, Format Version 12.00
# Visual Studio Version 17
VisualStudioVersion = 17.0.31903.59
MinimumVisualStudioVersion = 10.0.40219.1
Project("{FAE04EC0-301F-11D3-BF4B-00C04F79EFBC}") = "SciEng.Core", "SciEng.Core\SciEng.Core.csproj", "{2C84A310-079F-4DC3-897F-BA2783370717}"
EndProject
Project("{FAE04EC0-301F-11D3-BF4B-00C04F79EFBC}") = "SciEng.Tests", "SciEng.Tests\SciEng.Tests.csproj", "{0B9A39FC-E6BA-4DA2-A802-644FA352B03D}"
EndProject
Global
	GlobalSection(SolutionConfigurationPlatforms) = preSolution
		Debug|Any CPU = Debug|Any CPU
		Debug|x64 = Debug|x64
		Debug|x86 = Debug|x86
		Release|Any CPU = Release|Any CPU
		Release|x64 = Release|x64
		Release|x86 = Release|x86
	EndGlobalSection
	GlobalSection(ProjectConfigurationPlatforms) = postSolution
		{2C84A310-079F-4DC3-897F-BA2783370717}.Debug|Any CPU.ActiveCfg = Debug|Any CPU
		{2C84A310-079F-4DC3-897F-BA2783370717}.Debug|Any CPU.Build.0 = Debug|Any CPU
		{2C84A310-079F-4DC3-897F-BA2783370717}.Debug|x64.ActiveCfg = Debug|Any CPU
		{2C84A310-079F-4DC3-897F-BA2783370717}.Debug|x64.Build.0 = Debug|Any CPU
		{2C84A310-079F-4DC3-897F-BA2783370717}.Debug|x86.ActiveCfg = Debug|Any CPU
		{2C84A310-079F-4DC3-897F-BA2783370717}.Debug|x86.Build.0 = Debug|Any CPU
		{2C84A310-079F-4DC3-897F-BA2783370717}.Release|Any CPU.ActiveCfg = Release|Any CPU
		{2C84A310-079F-4DC3-897F-BA2783370717}.Release|Any CPU.Build.0 = Release|Any CPU
		{2C84A310-079F-4DC3-897F-BA2783370717}.Release|x64.ActiveCfg = Release|Any CPU
		{2C84A310-079F-4DC3-897F-BA2783370717}.Release|x64.Build.0 = Release|Any CPU
		{2C84A310-079F-4DC3-897F-BA2783370717}.Release|x86.ActiveCfg = Release|Any CPU
		{2C84A310-079F-4DC3-897F-BA2783370717}.Release|x86.Build.0 = Release|Any CPU
		{0B9A39FC-E6BA-4DA2-A802-644FA352B03D}.Debug|Any CPU.ActiveCfg = Debug|Any CPU
		{0B9A39FC-E6BA-4DA2-A802-644FA352B03D}.Debug|Any CPU.Build.0 = Debug|Any CPU
		{0B9A39FC-E6BA-4DA2-A802-644FA352B03D}.Debug|x64.ActiveCfg = Debug|Any CPU
		{0B9A39FC-E6BA-4DA2-A802-644FA352B03D}.Debug|x64.Build.0 = Debug|Any CPU
		{0B9A39FC-E6BA-4DA2-A802-644FA352B03D}.Debug|x86.ActiveCfg = Debug|Any CPU
		{0B9A39FC-E6BA-4DA2-A802-644FA352B03D}.Debug|x86.Build.0 = Debug|Any CPU
		{0B9A39FC-E6BA-4DA2-A802-644FA352B03D}.Release|Any CPU.ActiveCfg = Release|Any CPU
		{0B9A39FC-E6BA-4DA2-A802-644FA352B03D}.Release|Any CPU.Build.0 = Release|Any CPU
		{0B9A39FC-E6BA-4DA2-A802-644FA352B03D}.Release|x64.ActiveCfg = Release|Any CPU
		{0B9A39FC-E6BA-4DA2-A802-644FA352B03D}.Release|x64.Build.0 = Release|Any CPU
		{0B9A39FC-E6BA-4DA2-A802-644FA352B03D}.Release|x86.ActiveCfg = Release|Any CPU
		{0B9A39FC-E6BA-4DA2-A802-644FA352B03D}.Release|x86.Build.0 = Release|Any CPU
	EndGlobalSection
	GlobalSection(SolutionProperties) = preSolution
		HideSolutionNode = FALSE
	EndGlobalSection
EndGlobal
